
Microsoft Visual Studio Solution File, Format Version 12.00
# Visual Studio Version 16
VisualStudioVersion = 16.0.32602.291
MinimumVisualStudioVersion = 10.0.40219.1
Project("{FAE04EC0-301F-11D3-BF4B-00C04F79EFBC}") = "CRUD 1", "CRUD 1.csproj", "{8B5A32EE-F6A1-43D1-87FF-837D0B1469C3}"
EndProject
Project("{FAE04EC0-301F-11D3-BF4B-00C04F79EFBC}") = "CRUDlib", "..\CRUDlib\CRUDlib.csproj", "{28B28E3A-E0C6-453E-A3BD-D9C9694830EE}"
EndProject
Global
	GlobalSection(SolutionConfigurationPlatforms) = preSolution
		Debug|Any CPU = Debug|Any CPU
		Release|Any CPU = Release|Any CPU
	EndGlobalSection
	GlobalSection(ProjectConfigurationPlatforms) = postSolution
		{8B5A32EE-F6A1-43D1-87FF-837D0B1469C3}.Debug|Any CPU.ActiveCfg = Debug|Any CPU
		{8B5A32EE-F6A1-43D1-87FF-837D0B1469C3}.Debug|Any CPU.Build.0 = Debug|Any CPU
		{8B5A32EE-F6A1-43D1-87FF-837D0B1469C3}.Release|Any CPU.ActiveCfg = Release|Any CPU
		{8B5A32EE-F6A1-43D1-87FF-837D0B1469C3}.Release|Any CPU.Build.0 = Release|Any CPU
		{28B28E3A-E0C6-453E-A3BD-D9C9694830EE}.Debug|Any CPU.ActiveCfg = Debug|Any CPU
		{28B28E3A-E0C6-453E-A3BD-D9C9694830EE}.Debug|Any CPU.Build.0 = Debug|Any CPU
		{28B28E3A-E0C6-453E-A3BD-D9C9694830EE}.Release|Any CPU.ActiveCfg = Release|Any CPU
		{28B28E3A-E0C6-453E-A3BD-D9C9694830EE}.Release|Any CPU.Build.0 = Release|Any CPU
	EndGlobalSection
	GlobalSection(SolutionProperties) = preSolution
		HideSolutionNode = FALSE
	EndGlobalSection
	GlobalSection(ExtensibilityGlobals) = postSolution
		SolutionGuid = {C64282E4-9E3E-462C-AEDE-ECF1C569FC74}
	EndGlobalSection
EndGlobal
